{"1.2.0",
[{<<"app_config">>,
  {git,"https://github.com/leapsight/app_config.git",
       {ref,"6c4aee8fc3d08b59e22183a530cb4ce29d4b348b"}},
  0},
 {<<"base62">>,
  {git,"https://github.com/leapsight/base62.git",
       {ref,"6e1c622c2e9bba51fadba44fa050d4b4ae706890"}},
  2},
 {<<"cf">>,{pkg,<<"cf">>,<<"0.3.1">>},1},
 {<<"erlware_commons">>,{pkg,<<"erlware_commons">>,<<"1.7.0">>},0},
 {<<"gproc">>,{pkg,<<"gproc">>,<<"1.0.0">>},0},
 {<<"key_value">>,
  {git,"https://github.com/leapsight/key_value.git",
       {ref,"cf0143bf3a91c1d41ace9ef938e314307c80bd1f"}},
  1},
 {<<"ksuid">>,
  {git,"https://github.com/leapsight/ksuid.git",
       {ref,"315e954846ec5f8d300bec52b88aca60015a9bc2"}},
  1},
 {<<"maps_utils">>,
  {git,"https://github.com/Leapsight/maps_utils.git",
       {ref,"afa2da62e0e691ce33d1008cc424c994fff339bf"}},
  1},
 {<<"memory">>,
  {git,"https://github.com/Leapsight/memory.git",
       {ref,"b378f96b1fd35727b1d21865cbb5c390bba7f452"}},
  1},
 {<<"observer_cli">>,{pkg,<<"observer_cli">>,<<"1.7.4">>},1},
 {<<"opentelemetry_api">>,
  {git,"https://github.com/open-telemetry/opentelemetry-erlang-api.git",
       {ref,"41cb700d60a7dcfdb4165aca73634bbe1c07a33f"}},
  0},
 {<<"partisan">>,
  {git,"http://github.com/lasp-lang/partisan.git",
       {ref,"8d4c79e98fe36aa763bbb60048a5453c06a42dd3"}},
  1},
 {<<"plum_db">>,
  {git,"https://github.com/leapsight/plum_db.git",
       {ref,"e20edf01dba689d0351e36e42d304667ffc4bea5"}},
  0},
 {<<"quickrand">>,{pkg,<<"quickrand">>,<<"2.0.7">>},1},
 {<<"recon">>,{pkg,<<"recon">>,<<"2.5.3">>},1},
 {<<"resulto">>,{pkg,<<"resulto">>,<<"0.2.4">>},1},
 {<<"rocksdb">>,{pkg,<<"rocksdb">>,<<"1.9.0">>},1},
 {<<"sbroker">>,
  {git,"https://github.com/Leapsight/sbroker.git",
       {ref,"c17ffb198dcba9719bba42072c50743902a618f2"}},
  0},
 {<<"sext">>,{pkg,<<"sext">>,<<"1.9.0">>},1},
 {<<"telemetry">>,{pkg,<<"telemetry">>,<<"1.3.0">>},0},
 {<<"types">>,{pkg,<<"types">>,<<"0.1.8">>},0},
 {<<"utils">>,
  {git,"https://github.com/leapsight/utils.git",
       {ref,"36bb15b00550ce189a3a03adb691602b1459a567"}},
  0},
 {<<"uuid">>,{pkg,<<"uuid_erl">>,<<"2.0.7">>},0}]}.
[
{pkg_hash,[
 {<<"cf">>, <<"5CB902239476E141EA70A740340233782D363A31EEA8AD37049561542E6CD641">>},
 {<<"erlware_commons">>, <<"00F336AE1AB5880253F64217A3988998A54EFFDEB6EF2BFF1A1F8AE667075983">>},
 {<<"gproc">>, <<"AA9EC57F6C9FF065B16D96924168D7C7157CD1FD457680EFE4B1274F456FA500">>},
 {<<"observer_cli">>, <<"3C1BFB6D91BF68F6A3D15F46AE20DA0F7740D363EE5BC041191CE8722A6C4FAE">>},
 {<<"quickrand">>, <<"D2BD76676A446E6A058D678444B7FDA1387B813710D1AF6D6E29BB92186C8820">>},
 {<<"recon">>, <<"739107B9050EA683C30E96DE050BC59248FD27EC147696F79A8797FF9FA17153">>},
 {<<"resulto">>, <<"899137C490EEAED0E0FDE4556F966C7D6DC21AECBC41C1B0D9724876EF772D0F">>},
 {<<"rocksdb">>, <<"289DA8AC16BF5585BACB9F96240AEC05C5AFAD8E6DF99A759F93E5CDCC07E5EC">>},
 {<<"sext">>, <<"1DBF44C7797A369B41E40D098DD9EC295BFD0076AB112AB96C4EB666F7F0F6EF">>},
 {<<"telemetry">>, <<"FEDEBBAE410D715CF8E7062C96A1EF32EC22E764197F70CDA73D82778D61E7A2">>},
 {<<"types">>, <<"5782B67231E8C174FE2835395E71E669FE0121076779D2A09F1C0D58EE0E2F13">>},
 {<<"uuid">>, <<"B2078D2CC814F53AFA52D36C91E08962C7E7373585C623F4C0EA6DFB04B2AF94">>}]},
{pkg_hash_ext,[
 {<<"cf">>, <<"315E8D447D3A4B02BCDBFA397AD03BBB988A6E0AA6F44D3ADD0F4E3C3BF97672">>},
 {<<"erlware_commons">>, <<"C0850EF4FFC031BA61393392316B512EBADF731C66F6E1E3FB014F35F877B33B">>},
 {<<"gproc">>, <<"109F253C2787DE8A371A51179D4973230CBEC6239EE673FA12216A5CE7E4F902">>},
 {<<"observer_cli">>, <<"50DE6D95D814F447458BD5D72666A74624EDDB0EF98BDCEE61A0153AAE0865FF">>},
 {<<"quickrand">>, <<"B8ACBF89A224BC217C3070CA8BEBC6EB236DBE7F9767993B274084EA044D35F0">>},
 {<<"recon">>, <<"6C6683F46FD4A1DFD98404B9F78DCABC7FCD8826613A89DCB984727A8C3099D7">>},
 {<<"resulto">>, <<"1BBCEB128AF766BDE802E9A7A51993AB58C04979F44C5889D1B8C338D3286ECA">>},
 {<<"rocksdb">>, <<"7290B40D4CD5F44E55DEDBAF2EA090C65535EF2DC5397ED218AE4EEC70AA2AC5">>},
 {<<"sext">>, <<"2FEA5B8C41FBDF05C3058149B0CF38A03CC79E1430C861CD425F99840E018755">>},
 {<<"telemetry">>, <<"7015FC8919DBE63764F4B4B87A95B7C0996BD539E0D499BE6EC9D7F3875B79E6">>},
 {<<"types">>, <<"04285239F4954C5EDE56F78ED7778EDE24E3F2E997F7B16402A167AF0CC2658A">>},
 {<<"uuid">>, <<"4E4C5CA3461DC47C5E157ED42AA3981A053B7A186792AF972A27B14A9489324E">>}]}
].
