{"1.2.0",
[{<<"acceptor_pool">>,{pkg,<<"acceptor_pool">>,<<"1.0.0">>},1},
 {<<"app_config">>,
  {git,"https://github.com/leapsight/app_config.git",
       {ref,"01fa09bf6b7cac41b13a15552b6a9cc132acdaf4"}},
  0},
 {<<"base62">>,
  {git,"https://gitlab.com/leapsight/base62.git",
       {ref,"6e1c622c2e9bba51fadba44fa050d4b4ae706890"}},
  2},
 {<<"cf">>,{pkg,<<"cf">>,<<"0.3.1">>},1},
 {<<"erlware_commons">>,{pkg,<<"erlware_commons">>,<<"1.6.0">>},0},
 {<<"gproc">>,{pkg,<<"gproc">>,<<"0.9.0">>},0},
 {<<"key_value">>,
  {git,"https://github.com/leapsight/key_value.git",
       {ref,"414fb19cd067b368666ceb5a2a63f1f24109562b"}},
  1},
 {<<"ksuid">>,
  {git,"https://gitlab.com/leapsight/ksuid.git",
       {ref,"a5016017edd1e99d46c9a6d4c348cb818e542b13"}},
  1},
 {<<"maps_utils">>,
  {git,"https://github.com/Leapsight/maps_utils.git",
       {ref,"afa2da62e0e691ce33d1008cc424c994fff339bf"}},
  1},
 {<<"observer_cli">>,{pkg,<<"observer_cli">>,<<"1.7.4">>},1},
 {<<"opentelemetry_api">>,
  {git,"https://github.com/open-telemetry/opentelemetry-erlang-api.git",
       {ref,"41cb700d60a7dcfdb4165aca73634bbe1c07a33f"}},
  0},
 {<<"partisan">>,
  {git,"http://github.com/lasp-lang/partisan.git",
       {ref,"a6a59b3ed406037099773861dbaad4e97b5b9142"}},
  0},
 {<<"plum_db">>,
  {git,"https://github.com/leapsight/plum_db.git",
       {ref,"78826dbf1be788f19cabe9167fce9594b0e69360"}},
  0},
 {<<"quickrand">>,{pkg,<<"quickrand">>,<<"2.0.5">>},1},
 {<<"recon">>,{pkg,<<"recon">>,<<"2.5.3">>},1},
 {<<"rocksdb">>,{pkg,<<"rocksdb">>,<<"1.8.0">>},1},
 {<<"sbroker">>,
  {git,"https://github.com/Leapsight/sbroker.git",
       {ref,"c17ffb198dcba9719bba42072c50743902a618f2"}},
  0},
 {<<"sext">>,{pkg,<<"sext">>,<<"1.9.0">>},1},
 {<<"telemetry">>,{pkg,<<"telemetry">>,<<"1.2.1">>},0},
 {<<"types">>,{pkg,<<"types">>,<<"0.1.8">>},0},
 {<<"utils">>,
  {git,"https://github.com/leapsight/utils.git",
       {ref,"641bd36d997970d355a700009bbaa6b84f0bd987"}},
  0},
 {<<"uuid">>,{pkg,<<"uuid_erl">>,<<"2.0.5">>},0}]}.
[
{pkg_hash,[
 {<<"acceptor_pool">>, <<"43C20D2ACAE35F0C2BCD64F9D2BDE267E459F0F3FD23DAB26485BF518C281B21">>},
 {<<"cf">>, <<"5CB902239476E141EA70A740340233782D363A31EEA8AD37049561542E6CD641">>},
 {<<"erlware_commons">>, <<"E0DA62F91E65DEFAE28BB450DDC3C24E85ECB99B926F857CDC6ED8E7DD7076B4">>},
 {<<"gproc">>, <<"853CCB7805E9ADA25D227A157BA966F7B34508F386A3E7E21992B1B484230699">>},
 {<<"observer_cli">>, <<"3C1BFB6D91BF68F6A3D15F46AE20DA0F7740D363EE5BC041191CE8722A6C4FAE">>},
 {<<"quickrand">>, <<"06FCAD85CB47D5C85C51D6BC9C84A082501BA098A89D64AD0A2F69599E034C04">>},
 {<<"recon">>, <<"739107B9050EA683C30E96DE050BC59248FD27EC147696F79A8797FF9FA17153">>},
 {<<"rocksdb">>, <<"0AE072F9818DAC03E18BA0E4B436450D24040DFB1A526E2198B451FD9FA0284F">>},
 {<<"sext">>, <<"1DBF44C7797A369B41E40D098DD9EC295BFD0076AB112AB96C4EB666F7F0F6EF">>},
 {<<"telemetry">>, <<"68FDFE8D8F05A8428483A97D7AAB2F268AAFF24B49E0F599FAA091F1D4E7F61C">>},
 {<<"types">>, <<"5782B67231E8C174FE2835395E71E669FE0121076779D2A09F1C0D58EE0E2F13">>},
 {<<"uuid">>, <<"60FAEEB7EDFD40847ED13CB0DD1044BAABE4E79A00C0CA9C4D13A073914B1016">>}]},
{pkg_hash_ext,[
 {<<"acceptor_pool">>, <<"0CBCD83FDC8B9AD2EEE2067EF8B91A14858A5883CB7CD800E6FCD5803E158788">>},
 {<<"cf">>, <<"315E8D447D3A4B02BCDBFA397AD03BBB988A6E0AA6F44D3ADD0F4E3C3BF97672">>},
 {<<"erlware_commons">>, <<"B57C299C39A2992A8C413F9D2C1B8A20061310FB4432B0EEE5E4C4DF7AAA0AA3">>},
 {<<"gproc">>, <<"587E8AF698CCD3504CF4BA8D90F893EDE2B0F58CABB8A916E2BF9321DE3CF10B">>},
 {<<"observer_cli">>, <<"50DE6D95D814F447458BD5D72666A74624EDDB0EF98BDCEE61A0153AAE0865FF">>},
 {<<"quickrand">>, <<"252CF0493570EBF1A58985CB71990982CDDCD4396B6427F1E10CF58924C1C052">>},
 {<<"recon">>, <<"6C6683F46FD4A1DFD98404B9F78DCABC7FCD8826613A89DCB984727A8C3099D7">>},
 {<<"rocksdb">>, <<"185E645EA480E9325D5EFE362BF3D2A38EDFC31B5145031B0CBEED978E89523C">>},
 {<<"sext">>, <<"2FEA5B8C41FBDF05C3058149B0CF38A03CC79E1430C861CD425F99840E018755">>},
 {<<"telemetry">>, <<"DAD9CE9D8EFFC621708F99EAC538EF1CBE05D6A874DD741DE2E689C47FEAFED5">>},
 {<<"types">>, <<"04285239F4954C5EDE56F78ED7778EDE24E3F2E997F7B16402A167AF0CC2658A">>},
 {<<"uuid">>, <<"E54373262CA88401689277947C54B95E9ECBC977BD5C57C9DD44AD9DA278E360">>}]}
].
